{
    "version": 3,
    "terraform_version": "0.7.4",
    "serial": 16,
    "lineage": "92408975-5018-4890-8855-00f85b575227",
    "modules": [
        {
            "path": [
                "root"
            ],
            "outputs": {},
            "resources": {
                "docker_container.app1": {
                    "type": "docker_container",
                    "depends_on": [
                        "docker_image.tuto-node"
                    ],
                    "primary": {
                        "id": "c68d4e0e5fbccf721d8280de96e21a018faa40a498317d4230a635202bd1692d",
                        "attributes": {
                            "bridge": "",
                            "gateway": "172.18.0.1",
                            "id": "c68d4e0e5fbccf721d8280de96e21a018faa40a498317d4230a635202bd1692d",
                            "image": "sha256:fafce528836c772ae79dae28caa30b1c8ada599013b48294ca2e2bc0c4ad07c9",
                            "ip_address": "172.18.0.4",
                            "ip_prefix_length": "16",
                            "log_driver": "json-file",
                            "must_run": "true",
                            "name": "app1",
                            "ports.#": "1",
                            "ports.965935274.external": "3000",
                            "ports.965935274.internal": "3000",
                            "ports.965935274.ip": "",
                            "ports.965935274.protocol": "tcp",
                            "restart": "no"
                        },
                        "meta": {},
                        "tainted": false
                    },
                    "deposed": [],
                    "provider": ""
                },
                "docker_container.app2": {
                    "type": "docker_container",
                    "depends_on": [
                        "docker_image.tuto-node"
                    ],
                    "primary": {
                        "id": "70fe0e0a535f9d578d75b3b2f1e36503e2f838db504f0e6f5088aa873cb76622",
                        "attributes": {
                            "bridge": "",
                            "gateway": "172.18.0.1",
                            "id": "70fe0e0a535f9d578d75b3b2f1e36503e2f838db504f0e6f5088aa873cb76622",
                            "image": "sha256:fafce528836c772ae79dae28caa30b1c8ada599013b48294ca2e2bc0c4ad07c9",
                            "ip_address": "172.18.0.2",
                            "ip_prefix_length": "16",
                            "log_driver": "json-file",
                            "must_run": "true",
                            "name": "app2",
                            "ports.#": "1",
                            "ports.2682522398.external": "3001",
                            "ports.2682522398.internal": "3000",
                            "ports.2682522398.ip": "",
                            "ports.2682522398.protocol": "tcp",
                            "restart": "no"
                        },
                        "meta": {},
                        "tainted": false
                    },
                    "deposed": [],
                    "provider": ""
                },
                "docker_container.lb": {
                    "type": "docker_container",
                    "depends_on": [
                        "docker_image.tuto-lb"
                    ],
                    "primary": {
                        "id": "942389ad700edd1a2abf87ceb23969051dee8702191a0045c56fde47ef2a0b65",
                        "attributes": {
                            "bridge": "",
                            "gateway": "172.18.0.1",
                            "id": "942389ad700edd1a2abf87ceb23969051dee8702191a0045c56fde47ef2a0b65",
                            "image": "sha256:d9bfe879fea2bedf71b210c101267887ce38cbec9cbc42b5da52ab42650fec71",
                            "ip_address": "172.18.0.3",
                            "ip_prefix_length": "16",
                            "log_driver": "json-file",
                            "must_run": "true",
                            "name": "lb",
                            "ports.#": "1",
                            "ports.1516735375.external": "80",
                            "ports.1516735375.internal": "80",
                            "ports.1516735375.ip": "",
                            "ports.1516735375.protocol": "tcp",
                            "restart": "no"
                        },
                        "meta": {},
                        "tainted": false
                    },
                    "deposed": [],
                    "provider": ""
                },
                "docker_image.tuto-lb": {
                    "type": "docker_image",
                    "depends_on": [],
                    "primary": {
                        "id": "sha256:d9bfe879fea2bedf71b210c101267887ce38cbec9cbc42b5da52ab42650fec71tuto-lb",
                        "attributes": {
                            "id": "sha256:d9bfe879fea2bedf71b210c101267887ce38cbec9cbc42b5da52ab42650fec71tuto-lb",
                            "latest": "sha256:d9bfe879fea2bedf71b210c101267887ce38cbec9cbc42b5da52ab42650fec71",
                            "name": "tuto-lb"
                        },
                        "meta": {},
                        "tainted": false
                    },
                    "deposed": [],
                    "provider": ""
                },
                "docker_image.tuto-node": {
                    "type": "docker_image",
                    "depends_on": [],
                    "primary": {
                        "id": "sha256:fafce528836c772ae79dae28caa30b1c8ada599013b48294ca2e2bc0c4ad07c9tuto-node",
                        "attributes": {
                            "id": "sha256:fafce528836c772ae79dae28caa30b1c8ada599013b48294ca2e2bc0c4ad07c9tuto-node",
                            "latest": "sha256:fafce528836c772ae79dae28caa30b1c8ada599013b48294ca2e2bc0c4ad07c9",
                            "name": "tuto-node"
                        },
                        "meta": {},
                        "tainted": false
                    },
                    "deposed": [],
                    "provider": ""
                }
            },
            "depends_on": []
        }
    ]
}
